
Microsoft Visual Studio Solution File, Format Version 12.00
# Visual Studio Version 17
VisualStudioVersion = 17.8.34525.116
MinimumVisualStudioVersion = 10.0.40219.1
Project("{FAE04EC0-301F-11D3-BF4B-00C04F79EFBC}") = "BasicMeetingApp", "BasicMeetingApp.csproj", "{8C07FF1B-B943-46EA-AEB1-D70B3A8DE8D7}"
EndProject
Global
	GlobalSection(SolutionConfigurationPlatforms) = preSolution
		Debug|Any CPU = Debug|Any CPU
		Release|Any CPU = Release|Any CPU
	EndGlobalSection
	GlobalSection(ProjectConfigurationPlatforms) = postSolution
		{8C07FF1B-B943-46EA-AEB1-D70B3A8DE8D7}.Debug|Any CPU.ActiveCfg = Debug|Any CPU
		{8C07FF1B-B943-46EA-AEB1-D70B3A8DE8D7}.Debug|Any CPU.Build.0 = Debug|Any CPU
		{8C07FF1B-B943-46EA-AEB1-D70B3A8DE8D7}.Release|Any CPU.ActiveCfg = Release|Any CPU
		{8C07FF1B-B943-46EA-AEB1-D70B3A8DE8D7}.Release|Any CPU.Build.0 = Release|Any CPU
	EndGlobalSection
	GlobalSection(SolutionProperties) = preSolution
		HideSolutionNode = FALSE
	EndGlobalSection
	GlobalSection(ExtensibilityGlobals) = postSolution
		SolutionGuid = {B1E5E3D8-268A-4D35-A017-2BC84ADC8A3E}
	EndGlobalSection
EndGlobal
